
Microsoft Visual Studio Solution File, Format Version 12.00
# Visual Studio Version 17
VisualStudioVersion = 17.0.32014.148
MinimumVisualStudioVersion = 10.0.40219.1
Project("{9A19103F-16F7-4668-BE54-9A1E7A4F7556}") = "dotNetTips.Spargine.6.Core", "6\dotNetTips.Spargine.6.Core\dotNetTips.Spargine.6.Core.csproj", "{F9A0DCC4-F582-4017-A655-9A2ACDFE4226}"
EndProject
Project("{9A19103F-16F7-4668-BE54-9A1E7A4F7556}") = "dotNetTips.Spargine.6.Extensions", "6\dotNetTips.Spargine.6.Extensions\dotNetTips.Spargine.6.Extensions.csproj", "{3512423A-0963-47B7-907E-3DAE9F0048F7}"
EndProject
Project("{9A19103F-16F7-4668-BE54-9A1E7A4F7556}") = "dotNetTips.Spargine.6", "6\dotNetTips.Spargine.6\dotNetTips.Spargine.6.csproj", "{0B31A293-D3B4-4D93-B351-716AC251681D}"
EndProject
Project("{2150E333-8FDC-42A3-9474-1A3956D46DE8}") = "UnitTests", "UnitTests", "{003FCAA2-01D0-482C-B292-705C57CE0F3C}"
EndProject
Project("{9A19103F-16F7-4668-BE54-9A1E7A4F7556}") = "dotNetTips.Spargine.6.Tester", "6\dotNetTips.Spargine.6.Tester\dotNetTips.Spargine.6.Tester.csproj", "{DDAD53D7-7DC8-4642-86AA-8815A06A479A}"
EndProject
Project("{2150E333-8FDC-42A3-9474-1A3956D46DE8}") = "Global", "Global", "{09354638-5FA5-4847-8679-F62A73A8CBEC}"
	ProjectSection(SolutionItems) = preProject
		6\.editorconfig = 6\.editorconfig
		..\docs\graphics\dotNetTips-Spargine-Logo@0.25x.jpg = ..\docs\graphics\dotNetTips-Spargine-Logo@0.25x.jpg
	EndProjectSection
EndProject
Project("{9A19103F-16F7-4668-BE54-9A1E7A4F7556}") = "dotNetTips.Spargine.Core.Tests", "6\Unit Tests\dotNetTips.Spargine.Core.Tests\dotNetTips.Spargine.Core.Tests.csproj", "{0CF2A73A-2C59-4478-9EC8-3AFA12D5FB5C}"
EndProject
Project("{9A19103F-16F7-4668-BE54-9A1E7A4F7556}") = "dotNetTips.Spargine.Extensions.Tests", "6\Unit Tests\dotNetTips.Spargine.Extensions.Tests\dotNetTips.Spargine.Extensions.Tests.csproj", "{4462E68E-9F0B-4784-9C64-92EF081DD493}"
EndProject
Project("{9A19103F-16F7-4668-BE54-9A1E7A4F7556}") = "dotNetTips.Spargine.Tester.Tests", "6\Unit Tests\dotNetTips.Spargine.Tester.Tests\dotNetTips.Spargine.Tester.Tests.csproj", "{0691A679-E02B-4706-98A9-E63FF40A28D6}"
EndProject
Global
	GlobalSection(SolutionConfigurationPlatforms) = preSolution
		Debug|Any CPU = Debug|Any CPU
		Release|Any CPU = Release|Any CPU
	EndGlobalSection
	GlobalSection(ProjectConfigurationPlatforms) = postSolution
		{F9A0DCC4-F582-4017-A655-9A2ACDFE4226}.Debug|Any CPU.ActiveCfg = Debug|Any CPU
		{F9A0DCC4-F582-4017-A655-9A2ACDFE4226}.Debug|Any CPU.Build.0 = Debug|Any CPU
		{F9A0DCC4-F582-4017-A655-9A2ACDFE4226}.Release|Any CPU.ActiveCfg = Release|Any CPU
		{F9A0DCC4-F582-4017-A655-9A2ACDFE4226}.Release|Any CPU.Build.0 = Release|Any CPU
		{3512423A-0963-47B7-907E-3DAE9F0048F7}.Debug|Any CPU.ActiveCfg = Debug|Any CPU
		{3512423A-0963-47B7-907E-3DAE9F0048F7}.Debug|Any CPU.Build.0 = Debug|Any CPU
		{3512423A-0963-47B7-907E-3DAE9F0048F7}.Release|Any CPU.ActiveCfg = Release|Any CPU
		{3512423A-0963-47B7-907E-3DAE9F0048F7}.Release|Any CPU.Build.0 = Release|Any CPU
		{0B31A293-D3B4-4D93-B351-716AC251681D}.Debug|Any CPU.ActiveCfg = Debug|Any CPU
		{0B31A293-D3B4-4D93-B351-716AC251681D}.Debug|Any CPU.Build.0 = Debug|Any CPU
		{0B31A293-D3B4-4D93-B351-716AC251681D}.Release|Any CPU.ActiveCfg = Release|Any CPU
		{0B31A293-D3B4-4D93-B351-716AC251681D}.Release|Any CPU.Build.0 = Release|Any CPU
		{DDAD53D7-7DC8-4642-86AA-8815A06A479A}.Debug|Any CPU.ActiveCfg = Debug|Any CPU
		{DDAD53D7-7DC8-4642-86AA-8815A06A479A}.Debug|Any CPU.Build.0 = Debug|Any CPU
		{DDAD53D7-7DC8-4642-86AA-8815A06A479A}.Release|Any CPU.ActiveCfg = Release|Any CPU
		{DDAD53D7-7DC8-4642-86AA-8815A06A479A}.Release|Any CPU.Build.0 = Release|Any CPU
		{0CF2A73A-2C59-4478-9EC8-3AFA12D5FB5C}.Debug|Any CPU.ActiveCfg = Debug|Any CPU
		{0CF2A73A-2C59-4478-9EC8-3AFA12D5FB5C}.Debug|Any CPU.Build.0 = Debug|Any CPU
		{0CF2A73A-2C59-4478-9EC8-3AFA12D5FB5C}.Release|Any CPU.ActiveCfg = Release|Any CPU
		{0CF2A73A-2C59-4478-9EC8-3AFA12D5FB5C}.Release|Any CPU.Build.0 = Release|Any CPU
		{4462E68E-9F0B-4784-9C64-92EF081DD493}.Debug|Any CPU.ActiveCfg = Debug|Any CPU
		{4462E68E-9F0B-4784-9C64-92EF081DD493}.Debug|Any CPU.Build.0 = Debug|Any CPU
		{4462E68E-9F0B-4784-9C64-92EF081DD493}.Release|Any CPU.ActiveCfg = Release|Any CPU
		{4462E68E-9F0B-4784-9C64-92EF081DD493}.Release|Any CPU.Build.0 = Release|Any CPU
		{0691A679-E02B-4706-98A9-E63FF40A28D6}.Debug|Any CPU.ActiveCfg = Debug|Any CPU
		{0691A679-E02B-4706-98A9-E63FF40A28D6}.Debug|Any CPU.Build.0 = Debug|Any CPU
		{0691A679-E02B-4706-98A9-E63FF40A28D6}.Release|Any CPU.ActiveCfg = Release|Any CPU
		{0691A679-E02B-4706-98A9-E63FF40A28D6}.Release|Any CPU.Build.0 = Release|Any CPU
	EndGlobalSection
	GlobalSection(SolutionProperties) = preSolution
		HideSolutionNode = FALSE
	EndGlobalSection
	GlobalSection(NestedProjects) = preSolution
		{0CF2A73A-2C59-4478-9EC8-3AFA12D5FB5C} = {003FCAA2-01D0-482C-B292-705C57CE0F3C}
		{4462E68E-9F0B-4784-9C64-92EF081DD493} = {003FCAA2-01D0-482C-B292-705C57CE0F3C}
		{0691A679-E02B-4706-98A9-E63FF40A28D6} = {003FCAA2-01D0-482C-B292-705C57CE0F3C}
	EndGlobalSection
	GlobalSection(ExtensibilityGlobals) = postSolution
		SolutionGuid = {11B107D5-B33F-464D-B1F8-2D902C32F654}
	EndGlobalSection
	GlobalSection(AutomaticVersions) = postSolution
		PrimaryVersionType = AssemblyVersionAttribute
		UpdateAssemblyVersion = True
		UpdateAssemblyFileVersion = True
		UpdateAssemblyInfoVersion = True
		ShouldCreateLogs = True
		AdvancedSettingsExpanded = True
		AssemblyVersionSettings = YearStamp.IncrementOnDemand.MonthStamp.HalfOfSecondsSinceMidnight
		AssemblyFileVersionSettings = YearStamp.IncrementOnDemand.MonthStamp.HalfOfSecondsSinceMidnight
		UpdatePackageVersion = False
		AssemblyInfoVersionSemVerSettings = AssemblyVersion.IncrementWithAutoReset.None
		AssemblyInfoVersionType = SemVer1
		InheritWinAppVersionFrom = None
	EndGlobalSection
EndGlobal
