
Microsoft Visual Studio Solution File, Format Version 12.00
# Visual Studio Version 16
VisualStudioVersion = 16.0.30804.86
MinimumVisualStudioVersion = 10.0.40219.1
Project("{9A19103F-16F7-4668-BE54-9A1E7A4F7556}") = "dotNetTips.Spargine.5.Benchmarking", "5\Benchmarking\dotNetTips.Spargine.5.Benchmarking\dotNetTips.Spargine.5.Benchmarking.csproj", "{3C9D74B7-FD00-431A-B5B4-205F2D963FD1}"
EndProject
Project("{9A19103F-16F7-4668-BE54-9A1E7A4F7556}") = "dotNetTips.Spargine.Core.BenchmarkTests", "5\Benchmarking\dotNetTips.Spargine.Core.BenchmarkTests\dotNetTips.Spargine.Core.BenchmarkTests.csproj", "{7D2988D2-257B-41EB-A59C-ABB9EE382DEB}"
EndProject
Project("{9A19103F-16F7-4668-BE54-9A1E7A4F7556}") = "dotNetTips.Spargine.Extensions.BenchmarkTests", "5\Benchmarking\dotNetTips.Spargine.Extensions.BenchmarkTests\dotNetTips.Spargine.Extensions.BenchmarkTests.csproj", "{CBE5819E-46E7-45FC-AFAC-DFA6B8CC8096}"
EndProject
Global
	GlobalSection(SolutionConfigurationPlatforms) = preSolution
		Debug|Any CPU = Debug|Any CPU
		Release|Any CPU = Release|Any CPU
	EndGlobalSection
	GlobalSection(ProjectConfigurationPlatforms) = postSolution
		{3C9D74B7-FD00-431A-B5B4-205F2D963FD1}.Debug|Any CPU.ActiveCfg = Debug|Any CPU
		{3C9D74B7-FD00-431A-B5B4-205F2D963FD1}.Debug|Any CPU.Build.0 = Debug|Any CPU
		{3C9D74B7-FD00-431A-B5B4-205F2D963FD1}.Release|Any CPU.ActiveCfg = Release|Any CPU
		{3C9D74B7-FD00-431A-B5B4-205F2D963FD1}.Release|Any CPU.Build.0 = Release|Any CPU
		{7D2988D2-257B-41EB-A59C-ABB9EE382DEB}.Debug|Any CPU.ActiveCfg = Debug|Any CPU
		{7D2988D2-257B-41EB-A59C-ABB9EE382DEB}.Debug|Any CPU.Build.0 = Debug|Any CPU
		{7D2988D2-257B-41EB-A59C-ABB9EE382DEB}.Release|Any CPU.ActiveCfg = Release|Any CPU
		{7D2988D2-257B-41EB-A59C-ABB9EE382DEB}.Release|Any CPU.Build.0 = Release|Any CPU
		{CBE5819E-46E7-45FC-AFAC-DFA6B8CC8096}.Debug|Any CPU.ActiveCfg = Debug|Any CPU
		{CBE5819E-46E7-45FC-AFAC-DFA6B8CC8096}.Debug|Any CPU.Build.0 = Debug|Any CPU
		{CBE5819E-46E7-45FC-AFAC-DFA6B8CC8096}.Release|Any CPU.ActiveCfg = Release|Any CPU
		{CBE5819E-46E7-45FC-AFAC-DFA6B8CC8096}.Release|Any CPU.Build.0 = Release|Any CPU
	EndGlobalSection
	GlobalSection(SolutionProperties) = preSolution
		HideSolutionNode = FALSE
	EndGlobalSection
	GlobalSection(ExtensibilityGlobals) = postSolution
		SolutionGuid = {7E806670-6A8D-46F1-AD95-7186AECF6EF7}
	EndGlobalSection
EndGlobal
